// !$*UTF8*$!
{
	archiveVersion = 1;
	classes = {
	};
	objectVersion = 50;
	objects = {

/* Begin PBXBuildFile section */
		6A959628242B41B0002F19CF /* AppDelegate.swift in Sources */ = {isa = PBXBuildFile; fileRef = 6A959627242B41B0002F19CF /* AppDelegate.swift */; };
		6A95962A242B41B0002F19CF /* SceneDelegate.swift in Sources */ = {isa = PBXBuildFile; fileRef = 6A959629242B41B0002F19CF /* SceneDelegate.swift */; };
		6A95962C242B41B0002F19CF /* FirstViewController.swift in Sources */ = {isa = PBXBuildFile; fileRef = 6A95962B242B41B0002F19CF /* FirstViewController.swift */; };
		6A95962E242B41B0002F19CF /* SecondViewController.swift in Sources */ = {isa = PBXBuildFile; fileRef = 6A95962D242B41B0002F19CF /* SecondViewController.swift */; };
		6A959631242B41B0002F19CF /* Main.storyboard in Resources */ = {isa = PBXBuildFile; fileRef = 6A95962F242B41B0002F19CF /* Main.storyboard */; };
		6A959633242B41B1002F19CF /* Assets.xcassets in Resources */ = {isa = PBXBuildFile; fileRef = 6A959632242B41B1002F19CF /* Assets.xcassets */; };
		6A959636242B41B1002F19CF /* LaunchScreen.storyboard in Resources */ = {isa = PBXBuildFile; fileRef = 6A959634242B41B1002F19CF /* LaunchScreen.storyboard */; };
		6A959641242B41B1002F19CF /* WalkAshlandTests.swift in Sources */ = {isa = PBXBuildFile; fileRef = 6A959640242B41B1002F19CF /* WalkAshlandTests.swift */; };
		6A95964C242B41B1002F19CF /* WalkAshlandUITests.swift in Sources */ = {isa = PBXBuildFile; fileRef = 6A95964B242B41B1002F19CF /* WalkAshlandUITests.swift */; };
/* End PBXBuildFile section */

/* Begin PBXContainerItemProxy section */
		6A95963D242B41B1002F19CF /* PBXContainerItemProxy */ = {
			isa = PBXContainerItemProxy;
			containerPortal = 6A95961C242B41B0002F19CF /* Project object */;
			proxyType = 1;
			remoteGlobalIDString = 6A959623242B41B0002F19CF;
			remoteInfo = WalkAshland;
		};
		6A959648242B41B1002F19CF /* PBXContainerItemProxy */ = {
			isa = PBXContainerItemProxy;
			containerPortal = 6A95961C242B41B0002F19CF /* Project object */;
			proxyType = 1;
			remoteGlobalIDString = 6A959623242B41B0002F19CF;
			remoteInfo = WalkAshland;
		};
/* End PBXContainerItemProxy section */

/* Begin PBXFileReference section */
		6A959624242B41B0002F19CF /* WalkAshland.app */ = {isa = PBXFileReference; explicitFileType = wrapper.application; includeInIndex = 0; path = WalkAshland.app; sourceTree = BUILT_PRODUCTS_DIR; };
		6A959627242B41B0002F19CF /* AppDelegate.swift */ = {isa = PBXFileReference; lastKnownFileType = sourcecode.swift; path = AppDelegate.swift; sourceTree = "<group>"; };
		6A959629242B41B0002F19CF /* SceneDelegate.swift */ = {isa = PBXFileReference; lastKnownFileType = sourcecode.swift; path = SceneDelegate.swift; sourceTree = "<group>"; };
		6A95962B242B41B0002F19CF /* FirstViewController.swift */ = {isa = PBXFileReference; lastKnownFileType = sourcecode.swift; path = FirstViewController.swift; sourceTree = "<group>"; };
		6A95962D242B41B0002F19CF /* SecondViewController.swift */ = {isa = PBXFileReference; lastKnownFileType = sourcecode.swift; path = SecondViewController.swift; sourceTree = "<group>"; };
		6A959630242B41B0002F19CF /* Base */ = {isa = PBXFileReference; lastKnownFileType = file.storyboard; name = Base; path = Base.lproj/Main.storyboard; sourceTree = "<group>"; };
		6A959632242B41B1002F19CF /* Assets.xcassets */ = {isa = PBXFileReference; lastKnownFileType = folder.assetcatalog; path = Assets.xcassets; sourceTree = "<group>"; };
		6A959635242B41B1002F19CF /* Base */ = {isa = PBXFileReference; lastKnownFileType = file.storyboard; name = Base; path = Base.lproj/LaunchScreen.storyboard; sourceTree = "<group>"; };
		6A959637242B41B1002F19CF /* Info.plist */ = {isa = PBXFileReference; lastKnownFileType = text.plist.xml; path = Info.plist; sourceTree = "<group>"; };
		6A95963C242B41B1002F19CF /* WalkAshlandTests.xctest */ = {isa = PBXFileReference; explicitFileType = wrapper.cfbundle; includeInIndex = 0; path = WalkAshlandTests.xctest; sourceTree = BUILT_PRODUCTS_DIR; };
		6A959640242B41B1002F19CF /* WalkAshlandTests.swift */ = {isa = PBXFileReference; lastKnownFileType = sourcecode.swift; path = WalkAshlandTests.swift; sourceTree = "<group>"; };
		6A959642242B41B1002F19CF /* Info.plist */ = {isa = PBXFileReference; lastKnownFileType = text.plist.xml; path = Info.plist; sourceTree = "<group>"; };
		6A959647242B41B1002F19CF /* WalkAshlandUITests.xctest */ = {isa = PBXFileReference; explicitFileType = wrapper.cfbundle; includeInIndex = 0; path = WalkAshlandUITests.xctest; sourceTree = BUILT_PRODUCTS_DIR; };
		6A95964B242B41B1002F19CF /* WalkAshlandUITests.swift */ = {isa = PBXFileReference; lastKnownFileType = sourcecode.swift; path = WalkAshlandUITests.swift; sourceTree = "<group>"; };
		6A95964D242B41B1002F19CF /* Info.plist */ = {isa = PBXFileReference; lastKnownFileType = text.plist.xml; path = Info.plist; sourceTree = "<group>"; };
/* End PBXFileReference section */

/* Begin PBXFrameworksBuildPhase section */
		6A959621242B41B0002F19CF /* Frameworks */ = {
			isa = PBXFrameworksBuildPhase;
			buildActionMask = 2147483647;
			files = (
			);
			runOnlyForDeploymentPostprocessing = 0;
		};
		6A959639242B41B1002F19CF /* Frameworks */ = {
			isa = PBXFrameworksBuildPhase;
			buildActionMask = 2147483647;
			files = (
			);
			runOnlyForDeploymentPostprocessing = 0;
		};
		6A959644242B41B1002F19CF /* Frameworks */ = {
			isa = PBXFrameworksBuildPhase;
			buildActionMask = 2147483647;
			files = (
			);
			runOnlyForDeploymentPostprocessing = 0;
		};
/* End PBXFrameworksBuildPhase section */

/* Begin PBXGroup section */
		6A95961B242B41B0002F19CF = {
			isa = PBXGroup;
			children = (
				6A959626242B41B0002F19CF /* WalkAshland */,
				6A95963F242B41B1002F19CF /* WalkAshlandTests */,
				6A95964A242B41B1002F19CF /* WalkAshlandUITests */,
				6A959625242B41B0002F19CF /* Products */,
			);
			sourceTree = "<group>";
		};
		6A959625242B41B0002F19CF /* Products */ = {
			isa = PBXGroup;
			children = (
				6A959624242B41B0002F19CF /* WalkAshland.app */,
				6A95963C242B41B1002F19CF /* WalkAshlandTests.xctest */,
				6A959647242B41B1002F19CF /* WalkAshlandUITests.xctest */,
			);
			name = Products;
			sourceTree = "<group>";
		};
		6A959626242B41B0002F19CF /* WalkAshland */ = {
			isa = PBXGroup;
			children = (
				6A959627242B41B0002F19CF /* AppDelegate.swift */,
				6A959629242B41B0002F19CF /* SceneDelegate.swift */,
				6A95962B242B41B0002F19CF /* FirstViewController.swift */,
				6A95962D242B41B0002F19CF /* SecondViewController.swift */,
				6A95962F242B41B0002F19CF /* Main.storyboard */,
				6A959632242B41B1002F19CF /* Assets.xcassets */,
				6A959634242B41B1002F19CF /* LaunchScreen.storyboard */,
				6A959637242B41B1002F19CF /* Info.plist */,
			);
			path = WalkAshland;
			sourceTree = "<group>";
		};
		6A95963F242B41B1002F19CF /* WalkAshlandTests */ = {
			isa = PBXGroup;
			children = (
				6A959640242B41B1002F19CF /* WalkAshlandTests.swift */,
				6A959642242B41B1002F19CF /* Info.plist */,
			);
			path = WalkAshlandTests;
			sourceTree = "<group>";
		};
		6A95964A242B41B1002F19CF /* WalkAshlandUITests */ = {
			isa = PBXGroup;
			children = (
				6A95964B242B41B1002F19CF /* WalkAshlandUITests.swift */,
				6A95964D242B41B1002F19CF /* Info.plist */,
			);
			path = WalkAshlandUITests;
			sourceTree = "<group>";
		};
/* End PBXGroup section */

/* Begin PBXNativeTarget section */
		6A959623242B41B0002F19CF /* WalkAshland */ = {
			isa = PBXNativeTarget;
			buildConfigurationList = 6A959650242B41B1002F19CF /* Build configuration list for PBXNativeTarget "WalkAshland" */;
			buildPhases = (
				6A959620242B41B0002F19CF /* Sources */,
				6A959621242B41B0002F19CF /* Frameworks */,
				6A959622242B41B0002F19CF /* Resources */,
			);
			buildRules = (
			);
			dependencies = (
			);
			name = WalkAshland;
			productName = WalkAshland;
			productReference = 6A959624242B41B0002F19CF /* WalkAshland.app */;
			productType = "com.apple.product-type.application";
		};
		6A95963B242B41B1002F19CF /* WalkAshlandTests */ = {
			isa = PBXNativeTarget;
			buildConfigurationList = 6A959653242B41B1002F19CF /* Build configuration list for PBXNativeTarget "WalkAshlandTests" */;
			buildPhases = (
				6A959638242B41B1002F19CF /* Sources */,
				6A959639242B41B1002F19CF /* Frameworks */,
				6A95963A242B41B1002F19CF /* Resources */,
			);
			buildRules = (
			);
			dependencies = (
				6A95963E242B41B1002F19CF /* PBXTargetDependency */,
			);
			name = WalkAshlandTests;
			productName = WalkAshlandTests;
			productReference = 6A95963C242B41B1002F19CF /* WalkAshlandTests.xctest */;
			productType = "com.apple.product-type.bundle.unit-test";
		};
		6A959646242B41B1002F19CF /* WalkAshlandUITests */ = {
			isa = PBXNativeTarget;
			buildConfigurationList = 6A959656242B41B1002F19CF /* Build configuration list for PBXNativeTarget "WalkAshlandUITests" */;
			buildPhases = (
				6A959643242B41B1002F19CF /* Sources */,
				6A959644242B41B1002F19CF /* Frameworks */,
				6A959645242B41B1002F19CF /* Resources */,
			);
			buildRules = (
			);
			dependencies = (
				6A959649242B41B1002F19CF /* PBXTargetDependency */,
			);
			name = WalkAshlandUITests;
			productName = WalkAshlandUITests;
			productReference = 6A959647242B41B1002F19CF /* WalkAshlandUITests.xctest */;
			productType = "com.apple.product-type.bundle.ui-testing";
		};
/* End PBXNativeTarget section */

/* Begin PBXProject section */
		6A95961C242B41B0002F19CF /* Project object */ = {
			isa = PBXProject;
			attributes = {
				LastSwiftUpdateCheck = 1130;
				LastUpgradeCheck = 1130;
				ORGANIZATIONNAME = RaiderSoft;
				TargetAttributes = {
					6A959623242B41B0002F19CF = {
						CreatedOnToolsVersion = 11.3.1;
					};
					6A95963B242B41B1002F19CF = {
						CreatedOnToolsVersion = 11.3.1;
						TestTargetID = 6A959623242B41B0002F19CF;
					};
					6A959646242B41B1002F19CF = {
						CreatedOnToolsVersion = 11.3.1;
						TestTargetID = 6A959623242B41B0002F19CF;
					};
				};
			};
			buildConfigurationList = 6A95961F242B41B0002F19CF /* Build configuration list for PBXProject "WalkAshland" */;
			compatibilityVersion = "Xcode 9.3";
			developmentRegion = en;
			hasScannedForEncodings = 0;
			knownRegions = (
				en,
				Base,
			);
			mainGroup = 6A95961B242B41B0002F19CF;
			productRefGroup = 6A959625242B41B0002F19CF /* Products */;
			projectDirPath = "";
			projectRoot = "";
			targets = (
				6A959623242B41B0002F19CF /* WalkAshland */,
				6A95963B242B41B1002F19CF /* WalkAshlandTests */,
				6A959646242B41B1002F19CF /* WalkAshlandUITests */,
			);
		};
/* End PBXProject section */

/* Begin PBXResourcesBuildPhase section */
		6A959622242B41B0002F19CF /* Resources */ = {
			isa = PBXResourcesBuildPhase;
			buildActionMask = 2147483647;
			files = (
				6A959636242B41B1002F19CF /* LaunchScreen.storyboard in Resources */,
				6A959633242B41B1002F19CF /* Assets.xcassets in Resources */,
				6A959631242B41B0002F19CF /* Main.storyboard in Resources */,
			);
			runOnlyForDeploymentPostprocessing = 0;
		};
		6A95963A242B41B1002F19CF /* Resources */ = {
			isa = PBXResourcesBuildPhase;
			buildActionMask = 2147483647;
			files = (
			);
			runOnlyForDeploymentPostprocessing = 0;
		};
		6A959645242B41B1002F19CF /* Resources */ = {
			isa = PBXResourcesBuildPhase;
			buildActionMask = 2147483647;
			files = (
			);
			runOnlyForDeploymentPostprocessing = 0;
		};
/* End PBXResourcesBuildPhase section */

/* Begin PBXSourcesBuildPhase section */
		6A959620242B41B0002F19CF /* Sources */ = {
			isa = PBXSourcesBuildPhase;
			buildActionMask = 2147483647;
			files = (
				6A95962E242B41B0002F19CF /* SecondViewController.swift in Sources */,
				6A95962C242B41B0002F19CF /* FirstViewController.swift in Sources */,
				6A959628242B41B0002F19CF /* AppDelegate.swift in Sources */,
				6A95962A242B41B0002F19CF /* SceneDelegate.swift in Sources */,
			);
			runOnlyForDeploymentPostprocessing = 0;
		};
		6A959638242B41B1002F19CF /* Sources */ = {
			isa = PBXSourcesBuildPhase;
			buildActionMask = 2147483647;
			files = (
				6A959641242B41B1002F19CF /* WalkAshlandTests.swift in Sources */,
			);
			runOnlyForDeploymentPostprocessing = 0;
		};
		6A959643242B41B1002F19CF /* Sources */ = {
			isa = PBXSourcesBuildPhase;
			buildActionMask = 2147483647;
			files = (
				6A95964C242B41B1002F19CF /* WalkAshlandUITests.swift in Sources */,
			);
			runOnlyForDeploymentPostprocessing = 0;
		};
/* End PBXSourcesBuildPhase section */

/* Begin PBXTargetDependency section */
		6A95963E242B41B1002F19CF /* PBXTargetDependency */ = {
			isa = PBXTargetDependency;
			target = 6A959623242B41B0002F19CF /* WalkAshland */;
			targetProxy = 6A95963D242B41B1002F19CF /* PBXContainerItemProxy */;
		};
		6A959649242B41B1002F19CF /* PBXTargetDependency */ = {
			isa = PBXTargetDependency;
			target = 6A959623242B41B0002F19CF /* WalkAshland */;
			targetProxy = 6A959648242B41B1002F19CF /* PBXContainerItemProxy */;
		};
/* End PBXTargetDependency section */

/* Begin PBXVariantGroup section */
		6A95962F242B41B0002F19CF /* Main.storyboard */ = {
			isa = PBXVariantGroup;
			children = (
				6A959630242B41B0002F19CF /* Base */,
			);
			name = Main.storyboard;
			sourceTree = "<group>";
		};
		6A959634242B41B1002F19CF /* LaunchScreen.storyboard */ = {
			isa = PBXVariantGroup;
			children = (
				6A959635242B41B1002F19CF /* Base */,
			);
			name = LaunchScreen.storyboard;
			sourceTree = "<group>";
		};
/* End PBXVariantGroup section */

/* Begin XCBuildConfiguration section */
		6A95964E242B41B1002F19CF /* Debug */ = {
			isa = XCBuildConfiguration;
			buildSettings = {
				ALWAYS_SEARCH_USER_PATHS = NO;
				CLANG_ANALYZER_NONNULL = YES;
				CLANG_ANALYZER_NUMBER_OBJECT_CONVERSION = YES_AGGRESSIVE;
				CLANG_CXX_LANGUAGE_STANDARD = "gnu++14";
				CLANG_CXX_LIBRARY = "libc++";
				CLANG_ENABLE_MODULES = YES;
				CLANG_ENABLE_OBJC_ARC = YES;
				CLANG_ENABLE_OBJC_WEAK = YES;
				CLANG_WARN_BLOCK_CAPTURE_AUTORELEASING = YES;
				CLANG_WARN_BOOL_CONVERSION = YES;
				CLANG_WARN_COMMA = YES;
				CLANG_WARN_CONSTANT_CONVERSION = YES;
				CLANG_WARN_DEPRECATED_OBJC_IMPLEMENTATIONS = YES;
				CLANG_WARN_DIRECT_OBJC_ISA_USAGE = YES_ERROR;
				CLANG_WARN_DOCUMENTATION_COMMENTS = YES;
				CLANG_WARN_EMPTY_BODY = YES;
				CLANG_WARN_ENUM_CONVERSION = YES;
				CLANG_WARN_INFINITE_RECURSION = YES;
				CLANG_WARN_INT_CONVERSION = YES;
				CLANG_WARN_NON_LITERAL_NULL_CONVERSION = YES;
				CLANG_WARN_OBJC_IMPLICIT_RETAIN_SELF = YES;
				CLANG_WARN_OBJC_LITERAL_CONVERSION = YES;
				CLANG_WARN_OBJC_ROOT_CLASS = YES_ERROR;
				CLANG_WARN_RANGE_LOOP_ANALYSIS = YES;
				CLANG_WARN_STRICT_PROTOTYPES = YES;
				CLANG_WARN_SUSPICIOUS_MOVE = YES;
				CLANG_WARN_UNGUARDED_AVAILABILITY = YES_AGGRESSIVE;
				CLANG_WARN_UNREACHABLE_CODE = YES;
				CLANG_WARN__DUPLICATE_METHOD_MATCH = YES;
				COPY_PHASE_STRIP = NO;
				DEBUG_INFORMATION_FORMAT = dwarf;
				ENABLE_STRICT_OBJC_MSGSEND = YES;
				ENABLE_TESTABILITY = YES;
				GCC_C_LANGUAGE_STANDARD = gnu11;
				GCC_DYNAMIC_NO_PIC = NO;
				GCC_NO_COMMON_BLOCKS = YES;
				GCC_OPTIMIZATION_LEVEL = 0;
				GCC_PREPROCESSOR_DEFINITIONS = (
					"DEBUG=1",
					"$(inherited)",
				);
				GCC_WARN_64_TO_32_BIT_CONVERSION = YES;
				GCC_WARN_ABOUT_RETURN_TYPE = YES_ERROR;
				GCC_WARN_UNDECLARED_SELECTOR = YES;
				GCC_WARN_UNINITIALIZED_AUTOS = YES_AGGRESSIVE;
				GCC_WARN_UNUSED_FUNCTION = YES;
				GCC_WARN_UNUSED_VARIABLE = YES;
				IPHONEOS_DEPLOYMENT_TARGET = 13.2;
				MTL_ENABLE_DEBUG_INFO = INCLUDE_SOURCE;
				MTL_FAST_MATH = YES;
				ONLY_ACTIVE_ARCH = YES;
				SDKROOT = iphoneos;
				SWIFT_ACTIVE_COMPILATION_CONDITIONS = DEBUG;
				SWIFT_OPTIMIZATION_LEVEL = "-Onone";
			};
			name = Debug;
		};
		6A95964F242B41B1002F19CF /* Release */ = {
			isa = XCBuildConfiguration;
			buildSettings = {
				ALWAYS_SEARCH_USER_PATHS = NO;
				CLANG_ANALYZER_NONNULL = YES;
				CLANG_ANALYZER_NUMBER_OBJECT_CONVERSION = YES_AGGRESSIVE;
				CLANG_CXX_LANGUAGE_STANDARD = "gnu++14";
				CLANG_CXX_LIBRARY = "libc++";
				CLANG_ENABLE_MODULES = YES;
				CLANG_ENABLE_OBJC_ARC = YES;
				CLANG_ENABLE_OBJC_WEAK = YES;
				CLANG_WARN_BLOCK_CAPTURE_AUTORELEASING = YES;
				CLANG_WARN_BOOL_CONVERSION = YES;
				CLANG_WARN_COMMA = YES;
				CLANG_WARN_CONSTANT_CONVERSION = YES;
				CLANG_WARN_DEPRECATED_OBJC_IMPLEMENTATIONS = YES;
				CLANG_WARN_DIRECT_OBJC_ISA_USAGE = YES_ERROR;
				CLANG_WARN_DOCUMENTATION_COMMENTS = YES;
				CLANG_WARN_EMPTY_BODY = YES;
				CLANG_WARN_ENUM_CONVERSION = YES;
				CLANG_WARN_INFINITE_RECURSION = YES;
				CLANG_WARN_INT_CONVERSION = YES;
				CLANG_WARN_NON_LITERAL_NULL_CONVERSION = YES;
				CLANG_WARN_OBJC_IMPLICIT_RETAIN_SELF = YES;
				CLANG_WARN_OBJC_LITERAL_CONVERSION = YES;
				CLANG_WARN_OBJC_ROOT_CLASS = YES_ERROR;
				CLANG_WARN_RANGE_LOOP_ANALYSIS = YES;
				CLANG_WARN_STRICT_PROTOTYPES = YES;
				CLANG_WARN_SUSPICIOUS_MOVE = YES;
				CLANG_WARN_UNGUARDED_AVAILABILITY = YES_AGGRESSIVE;
				CLANG_WARN_UNREACHABLE_CODE = YES;
				CLANG_WARN__DUPLICATE_METHOD_MATCH = YES;
				COPY_PHASE_STRIP = NO;
				DEBUG_INFORMATION_FORMAT = "dwarf-with-dsym";
				ENABLE_NS_ASSERTIONS = NO;
				ENABLE_STRICT_OBJC_MSGSEND = YES;
				GCC_C_LANGUAGE_STANDARD = gnu11;
				GCC_NO_COMMON_BLOCKS = YES;
				GCC_WARN_64_TO_32_BIT_CONVERSION = YES;
				GCC_WARN_ABOUT_RETURN_TYPE = YES_ERROR;
				GCC_WARN_UNDECLARED_SELECTOR = YES;
				GCC_WARN_UNINITIALIZED_AUTOS = YES_AGGRESSIVE;
				GCC_WARN_UNUSED_FUNCTION = YES;
				GCC_WARN_UNUSED_VARIABLE = YES;
				IPHONEOS_DEPLOYMENT_TARGET = 13.2;
				MTL_ENABLE_DEBUG_INFO = NO;
				MTL_FAST_MATH = YES;
				SDKROOT = iphoneos;
				SWIFT_COMPILATION_MODE = wholemodule;
				SWIFT_OPTIMIZATION_LEVEL = "-O";
				VALIDATE_PRODUCT = YES;
			};
			name = Release;
		};
		6A959651242B41B1002F19CF /* Debug */ = {
			isa = XCBuildConfiguration;
			buildSettings = {
				ASSETCATALOG_COMPILER_APPICON_NAME = AppIcon;
				CODE_SIGN_STYLE = Automatic;
				DEVELOPMENT_TEAM = 9L45KS8D7L;
				INFOPLIST_FILE = WalkAshland/Info.plist;
				LD_RUNPATH_SEARCH_PATHS = (
					"$(inherited)",
					"@executable_path/Frameworks",
				);
				PRODUCT_BUNDLE_IDENTIFIER = com.walkashland.WalkAshland;
				PRODUCT_NAME = "$(TARGET_NAME)";
				SWIFT_VERSION = 5.0;
				TARGETED_DEVICE_FAMILY = "1,2";
			};
			name = Debug;
		};
		6A959652242B41B1002F19CF /* Release */ = {
			isa = XCBuildConfiguration;
			buildSettings = {
				ASSETCATALOG_COMPILER_APPICON_NAME = AppIcon;
				CODE_SIGN_STYLE = Automatic;
				DEVELOPMENT_TEAM = 9L45KS8D7L;
				INFOPLIST_FILE = WalkAshland/Info.plist;
				LD_RUNPATH_SEARCH_PATHS = (
					"$(inherited)",
					"@executable_path/Frameworks",
				);
				PRODUCT_BUNDLE_IDENTIFIER = com.walkashland.WalkAshland;
				PRODUCT_NAME = "$(TARGET_NAME)";
				SWIFT_VERSION = 5.0;
				TARGETED_DEVICE_FAMILY = "1,2";
			};
			name = Release;
		};
		6A959654242B41B1002F19CF /* Debug */ = {
			isa = XCBuildConfiguration;
			buildSettings = {
				ALWAYS_EMBED_SWIFT_STANDARD_LIBRARIES = YES;
				BUNDLE_LOADER = "$(TEST_HOST)";
				CODE_SIGN_STYLE = Automatic;
				DEVELOPMENT_TEAM = 9L45KS8D7L;
				INFOPLIST_FILE = WalkAshlandTests/Info.plist;
				IPHONEOS_DEPLOYMENT_TARGET = 13.2;
				LD_RUNPATH_SEARCH_PATHS = (
					"$(inherited)",
					"@executable_path/Frameworks",
					"@loader_path/Frameworks",
				);
				PRODUCT_BUNDLE_IDENTIFIER = com.walkashland.WalkAshlandTests;
				PRODUCT_NAME = "$(TARGET_NAME)";
				SWIFT_VERSION = 5.0;
				TARGETED_DEVICE_FAMILY = "1,2";
				TEST_HOST = "$(BUILT_PRODUCTS_DIR)/WalkAshland.app/WalkAshland";
			};
			name = Debug;
		};
		6A959655242B41B1002F19CF /* Release */ = {
			isa = XCBuildConfiguration;
			buildSettings = {
				ALWAYS_EMBED_SWIFT_STANDARD_LIBRARIES = YES;
				BUNDLE_LOADER = "$(TEST_HOST)";
				CODE_SIGN_STYLE = Automatic;
				DEVELOPMENT_TEAM = 9L45KS8D7L;
				INFOPLIST_FILE = WalkAshlandTests/Info.plist;
				IPHONEOS_DEPLOYMENT_TARGET = 13.2;
				LD_RUNPATH_SEARCH_PATHS = (
					"$(inherited)",
					"@executable_path/Frameworks",
					"@loader_path/Frameworks",
				);
				PRODUCT_BUNDLE_IDENTIFIER = com.walkashland.WalkAshlandTests;
				PRODUCT_NAME = "$(TARGET_NAME)";
				SWIFT_VERSION = 5.0;
				TARGETED_DEVICE_FAMILY = "1,2";
				TEST_HOST = "$(BUILT_PRODUCTS_DIR)/WalkAshland.app/WalkAshland";
			};
			name = Release;
		};
		6A959657242B41B1002F19CF /* Debug */ = {
			isa = XCBuildConfiguration;
			buildSettings = {
				ALWAYS_EMBED_SWIFT_STANDARD_LIBRARIES = YES;
				CODE_SIGN_STYLE = Automatic;
				DEVELOPMENT_TEAM = 9L45KS8D7L;
				INFOPLIST_FILE = WalkAshlandUITests/Info.plist;
				LD_RUNPATH_SEARCH_PATHS = (
					"$(inherited)",
					"@executable_path/Frameworks",
					"@loader_path/Frameworks",
				);
				PRODUCT_BUNDLE_IDENTIFIER = com.walkashland.WalkAshlandUITests;
				PRODUCT_NAME = "$(TARGET_NAME)";
				SWIFT_VERSION = 5.0;
				TARGETED_DEVICE_FAMILY = "1,2";
				TEST_TARGET_NAME = WalkAshland;
			};
			name = Debug;
		};
		6A959658242B41B1002F19CF /* Release */ = {
			isa = XCBuildConfiguration;
			buildSettings = {
				ALWAYS_EMBED_SWIFT_STANDARD_LIBRARIES = YES;
				CODE_SIGN_STYLE = Automatic;
				DEVELOPMENT_TEAM = 9L45KS8D7L;
				INFOPLIST_FILE = WalkAshlandUITests/Info.plist;
				LD_RUNPATH_SEARCH_PATHS = (
					"$(inherited)",
					"@executable_path/Frameworks",
					"@loader_path/Frameworks",
				);
				PRODUCT_BUNDLE_IDENTIFIER = com.walkashland.WalkAshlandUITests;
				PRODUCT_NAME = "$(TARGET_NAME)";
				SWIFT_VERSION = 5.0;
				TARGETED_DEVICE_FAMILY = "1,2";
				TEST_TARGET_NAME = WalkAshland;
			};
			name = Release;
		};
/* End XCBuildConfiguration section */

/* Begin XCConfigurationList section */
		6A95961F242B41B0002F19CF /* Build configuration list for PBXProject "WalkAshland" */ = {
			isa = XCConfigurationList;
			buildConfigurations = (
				6A95964E242B41B1002F19CF /* Debug */,
				6A95964F242B41B1002F19CF /* Release */,
			);
			defaultConfigurationIsVisible = 0;
			defaultConfigurationName = Release;
		};
		6A959650242B41B1002F19CF /* Build configuration list for PBXNativeTarget "WalkAshland" */ = {
			isa = XCConfigurationList;
			buildConfigurations = (
				6A959651242B41B1002F19CF /* Debug */,
				6A959652242B41B1002F19CF /* Release */,
			);
			defaultConfigurationIsVisible = 0;
			defaultConfigurationName = Release;
		};
		6A959653242B41B1002F19CF /* Build configuration list for PBXNativeTarget "WalkAshlandTests" */ = {
			isa = XCConfigurationList;
			buildConfigurations = (
				6A959654242B41B1002F19CF /* Debug */,
				6A959655242B41B1002F19CF /* Release */,
			);
			defaultConfigurationIsVisible = 0;
			defaultConfigurationName = Release;
		};
		6A959656242B41B1002F19CF /* Build configuration list for PBXNativeTarget "WalkAshlandUITests" */ = {
			isa = XCConfigurationList;
			buildConfigurations = (
				6A959657242B41B1002F19CF /* Debug */,
				6A959658242B41B1002F19CF /* Release */,
			);
			defaultConfigurationIsVisible = 0;
			defaultConfigurationName = Release;
		};
/* End XCConfigurationList section */
	};
	rootObject = 6A95961C242B41B0002F19CF /* Project object */;
}
